
Microsoft Visual Studio Solution File, Format Version 11.00
# Visual Studio 2010
Project("{FAE04EC0-301F-11D3-BF4B-00C04F79EFBC}") = "User_Side", "User_Side\User_Side.csproj", "{4545F6A9-3C80-44E5-889D-1BEDEACC1A7B}"
EndProject
Global
	GlobalSection(SolutionConfigurationPlatforms) = preSolution
		Debug|Any CPU = Debug|Any CPU
		Release|Any CPU = Release|Any CPU
	EndGlobalSection
	GlobalSection(ProjectConfigurationPlatforms) = postSolution
		{4545F6A9-3C80-44E5-889D-1BEDEACC1A7B}.Debug|Any CPU.ActiveCfg = Debug|Any CPU
		{4545F6A9-3C80-44E5-889D-1BEDEACC1A7B}.Debug|Any CPU.Build.0 = Debug|Any CPU
		{4545F6A9-3C80-44E5-889D-1BEDEACC1A7B}.Release|Any CPU.ActiveCfg = Release|Any CPU
		{4545F6A9-3C80-44E5-889D-1BEDEACC1A7B}.Release|Any CPU.Build.0 = Release|Any CPU
	EndGlobalSection
	GlobalSection(SolutionProperties) = preSolution
		HideSolutionNode = FALSE
	EndGlobalSection
EndGlobal
